
Microsoft Visual Studio Solution File, Format Version 12.00
# Visual Studio 2013
VisualStudioVersion = 12.0.21005.1
MinimumVisualStudioVersion = 10.0.40219.1
Project("{FAE04EC0-301F-11D3-BF4B-00C04F79EFBC}") = "Lab4", "Lab4\Lab4.csproj", "{EFD5444B-FAD3-4BB4-A889-3FDAD9DAE52C}"
EndProject
Project("{F088123C-0E9E-452A-89E6-6BA2F21D5CAC}") = "ModelingProject1", "ModelingProject1\ModelingProject1.modelproj", "{1A50659C-5493-4F25-91D1-CC6C623823D4}"
EndProject
Global
	GlobalSection(SolutionConfigurationPlatforms) = preSolution
		Debug|Any CPU = Debug|Any CPU
		Release|Any CPU = Release|Any CPU
	EndGlobalSection
	GlobalSection(ProjectConfigurationPlatforms) = postSolution
		{EFD5444B-FAD3-4BB4-A889-3FDAD9DAE52C}.Debug|Any CPU.ActiveCfg = Debug|Any CPU
		{EFD5444B-FAD3-4BB4-A889-3FDAD9DAE52C}.Debug|Any CPU.Build.0 = Debug|Any CPU
		{EFD5444B-FAD3-4BB4-A889-3FDAD9DAE52C}.Release|Any CPU.ActiveCfg = Release|Any CPU
		{EFD5444B-FAD3-4BB4-A889-3FDAD9DAE52C}.Release|Any CPU.Build.0 = Release|Any CPU
		{1A50659C-5493-4F25-91D1-CC6C623823D4}.Debug|Any CPU.ActiveCfg = Debug|Any CPU
		{1A50659C-5493-4F25-91D1-CC6C623823D4}.Debug|Any CPU.Build.0 = Debug|Any CPU
		{1A50659C-5493-4F25-91D1-CC6C623823D4}.Release|Any CPU.ActiveCfg = Release|Any CPU
		{1A50659C-5493-4F25-91D1-CC6C623823D4}.Release|Any CPU.Build.0 = Release|Any CPU
	EndGlobalSection
	GlobalSection(SolutionProperties) = preSolution
		HideSolutionNode = FALSE
	EndGlobalSection
EndGlobal
